Microsoft Visual Studio Solution File, Format Version 11.00
# Visual Studio 2008

Project("{A4B09DF4-49C4-F2D6-7657-49B7F7EB00AD}") = "PaperPlains", "Assembly-CSharp-firstpass.csproj", "{748F8FFE-1F51-AF29-E018-F68E7E7BE738}"
EndProject
Project("{A4B09DF4-49C4-F2D6-7657-49B7F7EB00AD}") = "PaperPlains", "Assembly-CSharp.csproj", "{4BA3A5F1-7163-D386-4A7B-89D4721D5A32}"
EndProject
Project("{A4B09DF4-49C4-F2D6-7657-49B7F7EB00AD}") = "PaperPlains", "Assembly-CSharp-Editor.csproj", "{BF247597-0B8A-783F-0B5D-B5E1D08CFD64}"
EndProject
Project("{A4B09DF4-49C4-F2D6-7657-49B7F7EB00AD}") = "PaperPlains", "Assembly-UnityScript-firstpass.unityproj", "{A1C36302-0396-9114-C371-FD087164DD51}"
EndProject
Project("{A4B09DF4-49C4-F2D6-7657-49B7F7EB00AD}") = "PaperPlains", "Assembly-UnityScript.unityproj", "{15640CC5-4704-36A7-5D2F-E90612159E4F}"
EndProject
Project("{A4B09DF4-49C4-F2D6-7657-49B7F7EB00AD}") = "PaperPlains", "Assembly-UnityScript-Editor.unityproj", "{106EDBB3-AAF8-2A54-0FBF-842817625868}"
EndProject
Global
	GlobalSection(SolutionConfigurationPlatforms) = preSolution
		Debug|Any CPU = Debug|Any CPU
		Release|Any CPU = Release|Any CPU
	EndGlobalSection
	GlobalSection(ProjectConfigurationPlatforms) = postSolution
		{748F8FFE-1F51-AF29-E018-F68E7E7BE738}.Debug|Any CPU.ActiveCfg = Debug|Any CPU
		{748F8FFE-1F51-AF29-E018-F68E7E7BE738}.Debug|Any CPU.Build.0 = Debug|Any CPU
		{748F8FFE-1F51-AF29-E018-F68E7E7BE738}.Release|Any CPU.ActiveCfg = Release|Any CPU
		{748F8FFE-1F51-AF29-E018-F68E7E7BE738}.Release|Any CPU.Build.0 = Release|Any CPU
		{4BA3A5F1-7163-D386-4A7B-89D4721D5A32}.Debug|Any CPU.ActiveCfg = Debug|Any CPU
		{4BA3A5F1-7163-D386-4A7B-89D4721D5A32}.Debug|Any CPU.Build.0 = Debug|Any CPU
		{4BA3A5F1-7163-D386-4A7B-89D4721D5A32}.Release|Any CPU.ActiveCfg = Release|Any CPU
		{4BA3A5F1-7163-D386-4A7B-89D4721D5A32}.Release|Any CPU.Build.0 = Release|Any CPU
		{BF247597-0B8A-783F-0B5D-B5E1D08CFD64}.Debug|Any CPU.ActiveCfg = Debug|Any CPU
		{BF247597-0B8A-783F-0B5D-B5E1D08CFD64}.Debug|Any CPU.Build.0 = Debug|Any CPU
		{BF247597-0B8A-783F-0B5D-B5E1D08CFD64}.Release|Any CPU.ActiveCfg = Release|Any CPU
		{BF247597-0B8A-783F-0B5D-B5E1D08CFD64}.Release|Any CPU.Build.0 = Release|Any CPU
		{A1C36302-0396-9114-C371-FD087164DD51}.Debug|Any CPU.ActiveCfg = Debug|Any CPU
		{A1C36302-0396-9114-C371-FD087164DD51}.Debug|Any CPU.Build.0 = Debug|Any CPU
		{A1C36302-0396-9114-C371-FD087164DD51}.Release|Any CPU.ActiveCfg = Release|Any CPU
		{A1C36302-0396-9114-C371-FD087164DD51}.Release|Any CPU.Build.0 = Release|Any CPU
		{15640CC5-4704-36A7-5D2F-E90612159E4F}.Debug|Any CPU.ActiveCfg = Debug|Any CPU
		{15640CC5-4704-36A7-5D2F-E90612159E4F}.Debug|Any CPU.Build.0 = Debug|Any CPU
		{15640CC5-4704-36A7-5D2F-E90612159E4F}.Release|Any CPU.ActiveCfg = Release|Any CPU
		{15640CC5-4704-36A7-5D2F-E90612159E4F}.Release|Any CPU.Build.0 = Release|Any CPU
		{106EDBB3-AAF8-2A54-0FBF-842817625868}.Debug|Any CPU.ActiveCfg = Debug|Any CPU
		{106EDBB3-AAF8-2A54-0FBF-842817625868}.Debug|Any CPU.Build.0 = Debug|Any CPU
		{106EDBB3-AAF8-2A54-0FBF-842817625868}.Release|Any CPU.ActiveCfg = Release|Any CPU
		{106EDBB3-AAF8-2A54-0FBF-842817625868}.Release|Any CPU.Build.0 = Release|Any CPU
	EndGlobalSection
	GlobalSection(SolutionProperties) = preSolution
		HideSolutionNode = FALSE
	EndGlobalSection
																																											GlobalSection(MonoDevelopProperties) = preSolution
=======
																																									GlobalSection(MonoDevelopProperties) = preSolution
>>>>>>> Stashed changes
		StartupItem = Assembly-CSharp.csproj
		Policies = $0
		$0.TextStylePolicy = $1
		$1.inheritsSet = null
		$1.scope = text/x-csharp
		$0.CSharpFormattingPolicy = $2
		$2.inheritsSet = Mono
		$2.inheritsScope = text/x-csharp
		$2.scope = text/x-csharp
		$0.TextStylePolicy = $3
		$3.FileWidth = 120
		$3.TabWidth = 4
		$3.EolMarker = Unix
		$3.inheritsSet = Mono
		$3.inheritsScope = text/plain
		$3.scope = text/plain
	EndGlobalSection

EndGlobal
